// !$*UTF8*$!
{
	archiveVersion = 1;
	classes = {
	};
	objectVersion = 46;
	objects = {

/* Begin PBXBuildFile section */
		586EB68C1AA104C900F651BB /* AppDelegate.swift in Sources */ = {isa = PBXBuildFile; fileRef = 586EB68B1AA104C900F651BB /* AppDelegate.swift */; };
		586EB68E1AA104C900F651BB /* ViewController.swift in Sources */ = {isa = PBXBuildFile; fileRef = 586EB68D1AA104C900F651BB /* ViewController.swift */; };
		586EB6911AA104C900F651BB /* Main.storyboard in Resources */ = {isa = PBXBuildFile; fileRef = 586EB68F1AA104C900F651BB /* Main.storyboard */; };
		586EB6931AA104C900F651BB /* Images.xcassets in Resources */ = {isa = PBXBuildFile; fileRef = 586EB6921AA104C900F651BB /* Images.xcassets */; };
		586EB6961AA104C900F651BB /* LaunchScreen.xib in Resources */ = {isa = PBXBuildFile; fileRef = 586EB6941AA104C900F651BB /* LaunchScreen.xib */; };
		586EB6A21AA104C900F651BB /* Black_Jack_UpgradeTests.swift in Sources */ = {isa = PBXBuildFile; fileRef = 586EB6A11AA104C900F651BB /* Black_Jack_UpgradeTests.swift */; };
		586EB6AC1AA1056900F651BB /* Card.swift in Sources */ = {isa = PBXBuildFile; fileRef = 586EB6AB1AA1056900F651BB /* Card.swift */; };
		586EB6AE1AA1058E00F651BB /* Player.swift in Sources */ = {isa = PBXBuildFile; fileRef = 586EB6AD1AA1058E00F651BB /* Player.swift */; };
		586EB6B01AA105ED00F651BB /* Deck.swift in Sources */ = {isa = PBXBuildFile; fileRef = 586EB6AF1AA105ED00F651BB /* Deck.swift */; };
		586EB6B21AA1060200F651BB /* Dealer.swift in Sources */ = {isa = PBXBuildFile; fileRef = 586EB6B11AA1060200F651BB /* Dealer.swift */; };
		586EB6B41AA1063700F651BB /* Game.swift in Sources */ = {isa = PBXBuildFile; fileRef = 586EB6B31AA1063700F651BB /* Game.swift */; };
		586EB6B61AA125A900F651BB /* ViewControllerSinglePlayer.swift in Sources */ = {isa = PBXBuildFile; fileRef = 586EB6B51AA125A900F651BB /* ViewControllerSinglePlayer.swift */; };
		586EB6B81AA1264200F651BB /* ViewControllerMultiplePlayers.swift in Sources */ = {isa = PBXBuildFile; fileRef = 586EB6B71AA1264200F651BB /* ViewControllerMultiplePlayers.swift */; };
		586EB6BA1AA131ED00F651BB /* Shoe.swift in Sources */ = {isa = PBXBuildFile; fileRef = 586EB6B91AA131ED00F651BB /* Shoe.swift */; };
		58EFD2D61AC5E13D00D33E49 /* 10_of_clubs.png in Resources */ = {isa = PBXBuildFile; fileRef = 58EFD2931AC5E13D00D33E49 /* 10_of_clubs.png */; };
		58EFD2D71AC5E13D00D33E49 /* 10_of_diamonds.png in Resources */ = {isa = PBXBuildFile; fileRef = 58EFD2941AC5E13D00D33E49 /* 10_of_diamonds.png */; };
		58EFD2D81AC5E13D00D33E49 /* 10_of_hearts.png in Resources */ = {isa = PBXBuildFile; fileRef = 58EFD2951AC5E13D00D33E49 /* 10_of_hearts.png */; };
		58EFD2D91AC5E13D00D33E49 /* 10_of_spades.png in Resources */ = {isa = PBXBuildFile; fileRef = 58EFD2961AC5E13D00D33E49 /* 10_of_spades.png */; };
		58EFD2DA1AC5E13D00D33E49 /* 2_of_clubs.png in Resources */ = {isa = PBXBuildFile; fileRef = 58EFD2971AC5E13D00D33E49 /* 2_of_clubs.png */; };
		58EFD2DB1AC5E13D00D33E49 /* 2_of_diamonds.png in Resources */ = {isa = PBXBuildFile; fileRef = 58EFD2981AC5E13D00D33E49 /* 2_of_diamonds.png */; };
		58EFD2DC1AC5E13D00D33E49 /* 2_of_hearts.png in Resources */ = {isa = PBXBuildFile; fileRef = 58EFD2991AC5E13D00D33E49 /* 2_of_hearts.png */; };
		58EFD2DD1AC5E13D00D33E49 /* 2_of_spades.png in Resources */ = {isa = PBXBuildFile; fileRef = 58EFD29A1AC5E13D00D33E49 /* 2_of_spades.png */; };
		58EFD2DE1AC5E13D00D33E49 /* 3_of_clubs.png in Resources */ = {isa = PBXBuildFile; fileRef = 58EFD29B1AC5E13D00D33E49 /* 3_of_clubs.png */; };
		58EFD2DF1AC5E13D00D33E49 /* 3_of_diamonds.png in Resources */ = {isa = PBXBuildFile; fileRef = 58EFD29C1AC5E13D00D33E49 /* 3_of_diamonds.png */; };
		58EFD2E01AC5E13D00D33E49 /* 3_of_hearts.png in Resources */ = {isa = PBXBuildFile; fileRef = 58EFD29D1AC5E13D00D33E49 /* 3_of_hearts.png */; };
		58EFD2E11AC5E13D00D33E49 /* 3_of_spades.png in Resources */ = {isa = PBXBuildFile; fileRef = 58EFD29E1AC5E13D00D33E49 /* 3_of_spades.png */; };
		58EFD2E21AC5E13D00D33E49 /* 4_of_clubs.png in Resources */ = {isa = PBXBuildFile; fileRef = 58EFD29F1AC5E13D00D33E49 /* 4_of_clubs.png */; };
		58EFD2E31AC5E13D00D33E49 /* 4_of_diamonds.png in Resources */ = {isa = PBXBuildFile; fileRef = 58EFD2A01AC5E13D00D33E49 /* 4_of_diamonds.png */; };
		58EFD2E41AC5E13D00D33E49 /* 4_of_hearts.png in Resources */ = {isa = PBXBuildFile; fileRef = 58EFD2A11AC5E13D00D33E49 /* 4_of_hearts.png */; };
		58EFD2E51AC5E13D00D33E49 /* 4_of_spades.png in Resources */ = {isa = PBXBuildFile; fileRef = 58EFD2A21AC5E13D00D33E49 /* 4_of_spades.png */; };
		58EFD2E61AC5E13D00D33E49 /* 5_of_clubs.png in Resources */ = {isa = PBXBuildFile; fileRef = 58EFD2A31AC5E13D00D33E49 /* 5_of_clubs.png */; };
		58EFD2E71AC5E13D00D33E49 /* 5_of_diamonds.png in Resources */ = {isa = PBXBuildFile; fileRef = 58EFD2A41AC5E13D00D33E49 /* 5_of_diamonds.png */; };
		58EFD2E81AC5E13D00D33E49 /* 5_of_hearts.png in Resources */ = {isa = PBXBuildFile; fileRef = 58EFD2A51AC5E13D00D33E49 /* 5_of_hearts.png */; };
		58EFD2E91AC5E13D00D33E49 /* 5_of_spades.png in Resources */ = {isa = PBXBuildFile; fileRef = 58EFD2A61AC5E13D00D33E49 /* 5_of_spades.png */; };
		58EFD2EA1AC5E13D00D33E49 /* 6_of_clubs.png in Resources */ = {isa = PBXBuildFile; fileRef = 58EFD2A71AC5E13D00D33E49 /* 6_of_clubs.png */; };
		58EFD2EB1AC5E13D00D33E49 /* 6_of_diamonds.png in Resources */ = {isa = PBXBuildFile; fileRef = 58EFD2A81AC5E13D00D33E49 /* 6_of_diamonds.png */; };
		58EFD2EC1AC5E13D00D33E49 /* 6_of_hearts.png in Resources */ = {isa = PBXBuildFile; fileRef = 58EFD2A91AC5E13D00D33E49 /* 6_of_hearts.png */; };
		58EFD2ED1AC5E13D00D33E49 /* 6_of_spades.png in Resources */ = {isa = PBXBuildFile; fileRef = 58EFD2AA1AC5E13D00D33E49 /* 6_of_spades.png */; };
		58EFD2EE1AC5E13D00D33E49 /* 7_of_clubs.png in Resources */ = {isa = PBXBuildFile; fileRef = 58EFD2AB1AC5E13D00D33E49 /* 7_of_clubs.png */; };
		58EFD2EF1AC5E13D00D33E49 /* 7_of_diamonds.png in Resources */ = {isa = PBXBuildFile; fileRef = 58EFD2AC1AC5E13D00D33E49 /* 7_of_diamonds.png */; };
		58EFD2F01AC5E13D00D33E49 /* 7_of_hearts.png in Resources */ = {isa = PBXBuildFile; fileRef = 58EFD2AD1AC5E13D00D33E49 /* 7_of_hearts.png */; };
		58EFD2F11AC5E13D00D33E49 /* 7_of_spades.png in Resources */ = {isa = PBXBuildFile; fileRef = 58EFD2AE1AC5E13D00D33E49 /* 7_of_spades.png */; };
		58EFD2F21AC5E13D00D33E49 /* 8_of_clubs.png in Resources */ = {isa = PBXBuildFile; fileRef = 58EFD2AF1AC5E13D00D33E49 /* 8_of_clubs.png */; };
		58EFD2F31AC5E13D00D33E49 /* 8_of_diamonds.png in Resources */ = {isa = PBXBuildFile; fileRef = 58EFD2B01AC5E13D00D33E49 /* 8_of_diamonds.png */; };
		58EFD2F41AC5E13D00D33E49 /* 8_of_hearts.png in Resources */ = {isa = PBXBuildFile; fileRef = 58EFD2B11AC5E13D00D33E49 /* 8_of_hearts.png */; };
		58EFD2F51AC5E13D00D33E49 /* 8_of_spades.png in Resources */ = {isa = PBXBuildFile; fileRef = 58EFD2B21AC5E13D00D33E49 /* 8_of_spades.png */; };
		58EFD2F61AC5E13D00D33E49 /* 9_of_clubs.png in Resources */ = {isa = PBXBuildFile; fileRef = 58EFD2B31AC5E13D00D33E49 /* 9_of_clubs.png */; };
		58EFD2F71AC5E13D00D33E49 /* 9_of_diamonds.png in Resources */ = {isa = PBXBuildFile; fileRef = 58EFD2B41AC5E13D00D33E49 /* 9_of_diamonds.png */; };
		58EFD2F81AC5E13D00D33E49 /* 9_of_hearts.png in Resources */ = {isa = PBXBuildFile; fileRef = 58EFD2B51AC5E13D00D33E49 /* 9_of_hearts.png */; };
		58EFD2F91AC5E13D00D33E49 /* 9_of_spades.png in Resources */ = {isa = PBXBuildFile; fileRef = 58EFD2B61AC5E13D00D33E49 /* 9_of_spades.png */; };
		58EFD2FA1AC5E13D00D33E49 /* ace_of_clubs.png in Resources */ = {isa = PBXBuildFile; fileRef = 58EFD2B71AC5E13D00D33E49 /* ace_of_clubs.png */; };
		58EFD2FB1AC5E13D00D33E49 /* ace_of_diamonds.png in Resources */ = {isa = PBXBuildFile; fileRef = 58EFD2B81AC5E13D00D33E49 /* ace_of_diamonds.png */; };
		58EFD2FC1AC5E13D00D33E49 /* ace_of_hearts.png in Resources */ = {isa = PBXBuildFile; fileRef = 58EFD2B91AC5E13D00D33E49 /* ace_of_hearts.png */; };
		58EFD2FD1AC5E13D00D33E49 /* ace_of_spades.png in Resources */ = {isa = PBXBuildFile; fileRef = 58EFD2BA1AC5E13D00D33E49 /* ace_of_spades.png */; };
		58EFD2FE1AC5E13D00D33E49 /* ace_of_spades2.png in Resources */ = {isa = PBXBuildFile; fileRef = 58EFD2BB1AC5E13D00D33E49 /* ace_of_spades2.png */; };
		58EFD2FF1AC5E13D00D33E49 /* black_joker.png in Resources */ = {isa = PBXBuildFile; fileRef = 58EFD2BC1AC5E13D00D33E49 /* black_joker.png */; };
		58EFD3001AC5E13D00D33E49 /* jack_of_clubs.png in Resources */ = {isa = PBXBuildFile; fileRef = 58EFD2BD1AC5E13D00D33E49 /* jack_of_clubs.png */; };
		58EFD3011AC5E13D00D33E49 /* jack_of_clubs2.png in Resources */ = {isa = PBXBuildFile; fileRef = 58EFD2BE1AC5E13D00D33E49 /* jack_of_clubs2.png */; };
		58EFD3021AC5E13D00D33E49 /* jack_of_diamonds.png in Resources */ = {isa = PBXBuildFile; fileRef = 58EFD2BF1AC5E13D00D33E49 /* jack_of_diamonds.png */; };
		58EFD3031AC5E13D00D33E49 /* jack_of_diamonds2.png in Resources */ = {isa = PBXBuildFile; fileRef = 58EFD2C01AC5E13D00D33E49 /* jack_of_diamonds2.png */; };
		58EFD3041AC5E13D00D33E49 /* jack_of_hearts.png in Resources */ = {isa = PBXBuildFile; fileRef = 58EFD2C11AC5E13D00D33E49 /* jack_of_hearts.png */; };
		58EFD3051AC5E13D00D33E49 /* jack_of_hearts2.png in Resources */ = {isa = PBXBuildFile; fileRef = 58EFD2C21AC5E13D00D33E49 /* jack_of_hearts2.png */; };
		58EFD3061AC5E13D00D33E49 /* jack_of_spades.png in Resources */ = {isa = PBXBuildFile; fileRef = 58EFD2C31AC5E13D00D33E49 /* jack_of_spades.png */; };
		58EFD3071AC5E13D00D33E49 /* jack_of_spades2.png in Resources */ = {isa = PBXBuildFile; fileRef = 58EFD2C41AC5E13D00D33E49 /* jack_of_spades2.png */; };
		58EFD3081AC5E13D00D33E49 /* king_of_clubs.png in Resources */ = {isa = PBXBuildFile; fileRef = 58EFD2C51AC5E13D00D33E49 /* king_of_clubs.png */; };
		58EFD3091AC5E13D00D33E49 /* king_of_clubs2.png in Resources */ = {isa = PBXBuildFile; fileRef = 58EFD2C61AC5E13D00D33E49 /* king_of_clubs2.png */; };
		58EFD30A1AC5E13D00D33E49 /* king_of_diamonds.png in Resources */ = {isa = PBXBuildFile; fileRef = 58EFD2C71AC5E13D00D33E49 /* king_of_diamonds.png */; };
		58EFD30B1AC5E13D00D33E49 /* king_of_diamonds2.png in Resources */ = {isa = PBXBuildFile; fileRef = 58EFD2C81AC5E13D00D33E49 /* king_of_diamonds2.png */; };
		58EFD30C1AC5E13D00D33E49 /* king_of_hearts.png in Resources */ = {isa = PBXBuildFile; fileRef = 58EFD2C91AC5E13D00D33E49 /* king_of_hearts.png */; };
		58EFD30D1AC5E13D00D33E49 /* king_of_hearts2.png in Resources */ = {isa = PBXBuildFile; fileRef = 58EFD2CA1AC5E13D00D33E49 /* king_of_hearts2.png */; };
		58EFD30E1AC5E13D00D33E49 /* king_of_spades.png in Resources */ = {isa = PBXBuildFile; fileRef = 58EFD2CB1AC5E13D00D33E49 /* king_of_spades.png */; };
		58EFD30F1AC5E13D00D33E49 /* king_of_spades2.png in Resources */ = {isa = PBXBuildFile; fileRef = 58EFD2CC1AC5E13D00D33E49 /* king_of_spades2.png */; };
		58EFD3101AC5E13D00D33E49 /* queen_of_clubs.png in Resources */ = {isa = PBXBuildFile; fileRef = 58EFD2CD1AC5E13D00D33E49 /* queen_of_clubs.png */; };
		58EFD3111AC5E13D00D33E49 /* queen_of_clubs2.png in Resources */ = {isa = PBXBuildFile; fileRef = 58EFD2CE1AC5E13D00D33E49 /* queen_of_clubs2.png */; };
		58EFD3121AC5E13D00D33E49 /* queen_of_diamonds.png in Resources */ = {isa = PBXBuildFile; fileRef = 58EFD2CF1AC5E13D00D33E49 /* queen_of_diamonds.png */; };
		58EFD3131AC5E13D00D33E49 /* queen_of_diamonds2.png in Resources */ = {isa = PBXBuildFile; fileRef = 58EFD2D01AC5E13D00D33E49 /* queen_of_diamonds2.png */; };
		58EFD3141AC5E13D00D33E49 /* queen_of_hearts.png in Resources */ = {isa = PBXBuildFile; fileRef = 58EFD2D11AC5E13D00D33E49 /* queen_of_hearts.png */; };
		58EFD3151AC5E13D00D33E49 /* queen_of_hearts2.png in Resources */ = {isa = PBXBuildFile; fileRef = 58EFD2D21AC5E13D00D33E49 /* queen_of_hearts2.png */; };
		58EFD3161AC5E13D00D33E49 /* queen_of_spades.png in Resources */ = {isa = PBXBuildFile; fileRef = 58EFD2D31AC5E13D00D33E49 /* queen_of_spades.png */; };
		58EFD3171AC5E13D00D33E49 /* queen_of_spades2.png in Resources */ = {isa = PBXBuildFile; fileRef = 58EFD2D41AC5E13D00D33E49 /* queen_of_spades2.png */; };
		58EFD3181AC5E13D00D33E49 /* red_joker.png in Resources */ = {isa = PBXBuildFile; fileRef = 58EFD2D51AC5E13D00D33E49 /* red_joker.png */; };
		58EFD31A1ACA242E00D33E49 /* secertcard.jpg in Resources */ = {isa = PBXBuildFile; fileRef = 58EFD3191ACA242E00D33E49 /* secertcard.jpg */; };
/* End PBXBuildFile section */

/* Begin PBXContainerItemProxy section */
		586EB69C1AA104C900F651BB /* PBXContainerItemProxy */ = {
			isa = PBXContainerItemProxy;
			containerPortal = 586EB67E1AA104C900F651BB /* Project object */;
			proxyType = 1;
			remoteGlobalIDString = 586EB6851AA104C900F651BB;
			remoteInfo = "Black Jack Upgrade";
		};
/* End PBXContainerItemProxy section */

/* Begin PBXFileReference section */
		586EB6861AA104C900F651BB /* Black Jack Upgrade.app */ = {isa = PBXFileReference; explicitFileType = wrapper.application; includeInIndex = 0; path = "Black Jack Upgrade.app"; sourceTree = BUILT_PRODUCTS_DIR; };
		586EB68A1AA104C900F651BB /* Info.plist */ = {isa = PBXFileReference; lastKnownFileType = text.plist.xml; path = Info.plist; sourceTree = "<group>"; };
		586EB68B1AA104C900F651BB /* AppDelegate.swift */ = {isa = PBXFileReference; lastKnownFileType = sourcecode.swift; path = AppDelegate.swift; sourceTree = "<group>"; };
		586EB68D1AA104C900F651BB /* ViewController.swift */ = {isa = PBXFileReference; lastKnownFileType = sourcecode.swift; path = ViewController.swift; sourceTree = "<group>"; };
		586EB6901AA104C900F651BB /* Base */ = {isa = PBXFileReference; lastKnownFileType = file.storyboard; name = Base; path = Base.lproj/Main.storyboard; sourceTree = "<group>"; };
		586EB6921AA104C900F651BB /* Images.xcassets */ = {isa = PBXFileReference; lastKnownFileType = folder.assetcatalog; path = Images.xcassets; sourceTree = "<group>"; };
		586EB6951AA104C900F651BB /* Base */ = {isa = PBXFileReference; lastKnownFileType = file.xib; name = Base; path = Base.lproj/LaunchScreen.xib; sourceTree = "<group>"; };
		586EB69B1AA104C900F651BB /* Black Jack UpgradeTests.xctest */ = {isa = PBXFileReference; explicitFileType = wrapper.cfbundle; includeInIndex = 0; path = "Black Jack UpgradeTests.xctest"; sourceTree = BUILT_PRODUCTS_DIR; };
		586EB6A01AA104C900F651BB /* Info.plist */ = {isa = PBXFileReference; lastKnownFileType = text.plist.xml; path = Info.plist; sourceTree = "<group>"; };
		586EB6A11AA104C900F651BB /* Black_Jack_UpgradeTests.swift */ = {isa = PBXFileReference; lastKnownFileType = sourcecode.swift; path = Black_Jack_UpgradeTests.swift; sourceTree = "<group>"; };
		586EB6AB1AA1056900F651BB /* Card.swift */ = {isa = PBXFileReference; fileEncoding = 4; lastKnownFileType = sourcecode.swift; path = Card.swift; sourceTree = "<group>"; };
		586EB6AD1AA1058E00F651BB /* Player.swift */ = {isa = PBXFileReference; fileEncoding = 4; lastKnownFileType = sourcecode.swift; path = Player.swift; sourceTree = "<group>"; };
		586EB6AF1AA105ED00F651BB /* Deck.swift */ = {isa = PBXFileReference; fileEncoding = 4; lastKnownFileType = sourcecode.swift; path = Deck.swift; sourceTree = "<group>"; };
		586EB6B11AA1060200F651BB /* Dealer.swift */ = {isa = PBXFileReference; fileEncoding = 4; lastKnownFileType = sourcecode.swift; path = Dealer.swift; sourceTree = "<group>"; };
		586EB6B31AA1063700F651BB /* Game.swift */ = {isa = PBXFileReference; fileEncoding = 4; lastKnownFileType = sourcecode.swift; path = Game.swift; sourceTree = "<group>"; };
		586EB6B51AA125A900F651BB /* ViewControllerSinglePlayer.swift */ = {isa = PBXFileReference; fileEncoding = 4; lastKnownFileType = sourcecode.swift; name = ViewControllerSinglePlayer.swift; path = ../ViewControllerSinglePlayer.swift; sourceTree = "<group>"; };
		586EB6B71AA1264200F651BB /* ViewControllerMultiplePlayers.swift */ = {isa = PBXFileReference; fileEncoding = 4; lastKnownFileType = sourcecode.swift; path = ViewControllerMultiplePlayers.swift; sourceTree = "<group>"; };
		586EB6B91AA131ED00F651BB /* Shoe.swift */ = {isa = PBXFileReference; fileEncoding = 4; lastKnownFileType = sourcecode.swift; path = Shoe.swift; sourceTree = "<group>"; };
		58EFD2931AC5E13D00D33E49 /* 10_of_clubs.png */ = {isa = PBXFileReference; lastKnownFileType = image.png; path = 10_of_clubs.png; sourceTree = "<group>"; };
		58EFD2941AC5E13D00D33E49 /* 10_of_diamonds.png */ = {isa = PBXFileReference; lastKnownFileType = image.png; path = 10_of_diamonds.png; sourceTree = "<group>"; };
		58EFD2951AC5E13D00D33E49 /* 10_of_hearts.png */ = {isa = PBXFileReference; lastKnownFileType = image.png; path = 10_of_hearts.png; sourceTree = "<group>"; };
		58EFD2961AC5E13D00D33E49 /* 10_of_spades.png */ = {isa = PBXFileReference; lastKnownFileType = image.png; path = 10_of_spades.png; sourceTree = "<group>"; };
		58EFD2971AC5E13D00D33E49 /* 2_of_clubs.png */ = {isa = PBXFileReference; lastKnownFileType = image.png; path = 2_of_clubs.png; sourceTree = "<group>"; };
		58EFD2981AC5E13D00D33E49 /* 2_of_diamonds.png */ = {isa = PBXFileReference; lastKnownFileType = image.png; path = 2_of_diamonds.png; sourceTree = "<group>"; };
		58EFD2991AC5E13D00D33E49 /* 2_of_hearts.png */ = {isa = PBXFileReference; lastKnownFileType = image.png; path = 2_of_hearts.png; sourceTree = "<group>"; };
		58EFD29A1AC5E13D00D33E49 /* 2_of_spades.png */ = {isa = PBXFileReference; lastKnownFileType = image.png; path = 2_of_spades.png; sourceTree = "<group>"; };
		58EFD29B1AC5E13D00D33E49 /* 3_of_clubs.png */ = {isa = PBXFileReference; lastKnownFileType = image.png; path = 3_of_clubs.png; sourceTree = "<group>"; };
		58EFD29C1AC5E13D00D33E49 /* 3_of_diamonds.png */ = {isa = PBXFileReference; lastKnownFileType = image.png; path = 3_of_diamonds.png; sourceTree = "<group>"; };
		58EFD29D1AC5E13D00D33E49 /* 3_of_hearts.png */ = {isa = PBXFileReference; lastKnownFileType = image.png; path = 3_of_hearts.png; sourceTree = "<group>"; };
		58EFD29E1AC5E13D00D33E49 /* 3_of_spades.png */ = {isa = PBXFileReference; lastKnownFileType = image.png; path = 3_of_spades.png; sourceTree = "<group>"; };
		58EFD29F1AC5E13D00D33E49 /* 4_of_clubs.png */ = {isa = PBXFileReference; lastKnownFileType = image.png; path = 4_of_clubs.png; sourceTree = "<group>"; };
		58EFD2A01AC5E13D00D33E49 /* 4_of_diamonds.png */ = {isa = PBXFileReference; lastKnownFileType = image.png; path = 4_of_diamonds.png; sourceTree = "<group>"; };
		58EFD2A11AC5E13D00D33E49 /* 4_of_hearts.png */ = {isa = PBXFileReference; lastKnownFileType = image.png; path = 4_of_hearts.png; sourceTree = "<group>"; };
		58EFD2A21AC5E13D00D33E49 /* 4_of_spades.png */ = {isa = PBXFileReference; lastKnownFileType = image.png; path = 4_of_spades.png; sourceTree = "<group>"; };
		58EFD2A31AC5E13D00D33E49 /* 5_of_clubs.png */ = {isa = PBXFileReference; lastKnownFileType = image.png; path = 5_of_clubs.png; sourceTree = "<group>"; };
		58EFD2A41AC5E13D00D33E49 /* 5_of_diamonds.png */ = {isa = PBXFileReference; lastKnownFileType = image.png; path = 5_of_diamonds.png; sourceTree = "<group>"; };
		58EFD2A51AC5E13D00D33E49 /* 5_of_hearts.png */ = {isa = PBXFileReference; lastKnownFileType = image.png; path = 5_of_hearts.png; sourceTree = "<group>"; };
		58EFD2A61AC5E13D00D33E49 /* 5_of_spades.png */ = {isa = PBXFileReference; lastKnownFileType = image.png; path = 5_of_spades.png; sourceTree = "<group>"; };
		58EFD2A71AC5E13D00D33E49 /* 6_of_clubs.png */ = {isa = PBXFileReference; lastKnownFileType = image.png; path = 6_of_clubs.png; sourceTree = "<group>"; };
		58EFD2A81AC5E13D00D33E49 /* 6_of_diamonds.png */ = {isa = PBXFileReference; lastKnownFileType = image.png; path = 6_of_diamonds.png; sourceTree = "<group>"; };
		58EFD2A91AC5E13D00D33E49 /* 6_of_hearts.png */ = {isa = PBXFileReference; lastKnownFileType = image.png; path = 6_of_hearts.png; sourceTree = "<group>"; };
		58EFD2AA1AC5E13D00D33E49 /* 6_of_spades.png */ = {isa = PBXFileReference; lastKnownFileType = image.png; path = 6_of_spades.png; sourceTree = "<group>"; };
		58EFD2AB1AC5E13D00D33E49 /* 7_of_clubs.png */ = {isa = PBXFileReference; lastKnownFileType = image.png; path = 7_of_clubs.png; sourceTree = "<group>"; };
		58EFD2AC1AC5E13D00D33E49 /* 7_of_diamonds.png */ = {isa = PBXFileReference; lastKnownFileType = image.png; path = 7_of_diamonds.png; sourceTree = "<group>"; };
		58EFD2AD1AC5E13D00D33E49 /* 7_of_hearts.png */ = {isa = PBXFileReference; lastKnownFileType = image.png; path = 7_of_hearts.png; sourceTree = "<group>"; };
		58EFD2AE1AC5E13D00D33E49 /* 7_of_spades.png */ = {isa = PBXFileReference; lastKnownFileType = image.png; path = 7_of_spades.png; sourceTree = "<group>"; };
		58EFD2AF1AC5E13D00D33E49 /* 8_of_clubs.png */ = {isa = PBXFileReference; lastKnownFileType = image.png; path = 8_of_clubs.png; sourceTree = "<group>"; };
		58EFD2B01AC5E13D00D33E49 /* 8_of_diamonds.png */ = {isa = PBXFileReference; lastKnownFileType = image.png; path = 8_of_diamonds.png; sourceTree = "<group>"; };
		58EFD2B11AC5E13D00D33E49 /* 8_of_hearts.png */ = {isa = PBXFileReference; lastKnownFileType = image.png; path = 8_of_hearts.png; sourceTree = "<group>"; };
		58EFD2B21AC5E13D00D33E49 /* 8_of_spades.png */ = {isa = PBXFileReference; lastKnownFileType = image.png; path = 8_of_spades.png; sourceTree = "<group>"; };
		58EFD2B31AC5E13D00D33E49 /* 9_of_clubs.png */ = {isa = PBXFileReference; lastKnownFileType = image.png; path = 9_of_clubs.png; sourceTree = "<group>"; };
		58EFD2B41AC5E13D00D33E49 /* 9_of_diamonds.png */ = {isa = PBXFileReference; lastKnownFileType = image.png; path = 9_of_diamonds.png; sourceTree = "<group>"; };
		58EFD2B51AC5E13D00D33E49 /* 9_of_hearts.png */ = {isa = PBXFileReference; lastKnownFileType = image.png; path = 9_of_hearts.png; sourceTree = "<group>"; };
		58EFD2B61AC5E13D00D33E49 /* 9_of_spades.png */ = {isa = PBXFileReference; lastKnownFileType = image.png; path = 9_of_spades.png; sourceTree = "<group>"; };
		58EFD2B71AC5E13D00D33E49 /* ace_of_clubs.png */ = {isa = PBXFileReference; lastKnownFileType = image.png; path = ace_of_clubs.png; sourceTree = "<group>"; };
		58EFD2B81AC5E13D00D33E49 /* ace_of_diamonds.png */ = {isa = PBXFileReference; lastKnownFileType = image.png; path = ace_of_diamonds.png; sourceTree = "<group>"; };
		58EFD2B91AC5E13D00D33E49 /* ace_of_hearts.png */ = {isa = PBXFileReference; lastKnownFileType = image.png; path = ace_of_hearts.png; sourceTree = "<group>"; };
		58EFD2BA1AC5E13D00D33E49 /* ace_of_spades.png */ = {isa = PBXFileReference; lastKnownFileType = image.png; path = ace_of_spades.png; sourceTree = "<group>"; };
		58EFD2BB1AC5E13D00D33E49 /* ace_of_spades2.png */ = {isa = PBXFileReference; lastKnownFileType = image.png; path = ace_of_spades2.png; sourceTree = "<group>"; };
		58EFD2BC1AC5E13D00D33E49 /* black_joker.png */ = {isa = PBXFileReference; lastKnownFileType = image.png; path = black_joker.png; sourceTree = "<group>"; };
		58EFD2BD1AC5E13D00D33E49 /* jack_of_clubs.png */ = {isa = PBXFileReference; lastKnownFileType = image.png; path = jack_of_clubs.png; sourceTree = "<group>"; };
		58EFD2BE1AC5E13D00D33E49 /* jack_of_clubs2.png */ = {isa = PBXFileReference; lastKnownFileType = image.png; path = jack_of_clubs2.png; sourceTree = "<group>"; };
		58EFD2BF1AC5E13D00D33E49 /* jack_of_diamonds.png */ = {isa = PBXFileReference; lastKnownFileType = image.png; path = jack_of_diamonds.png; sourceTree = "<group>"; };
		58EFD2C01AC5E13D00D33E49 /* jack_of_diamonds2.png */ = {isa = PBXFileReference; lastKnownFileType = image.png; path = jack_of_diamonds2.png; sourceTree = "<group>"; };
		58EFD2C11AC5E13D00D33E49 /* jack_of_hearts.png */ = {isa = PBXFileReference; lastKnownFileType = image.png; path = jack_of_hearts.png; sourceTree = "<group>"; };
		58EFD2C21AC5E13D00D33E49 /* jack_of_hearts2.png */ = {isa = PBXFileReference; lastKnownFileType = image.png; path = jack_of_hearts2.png; sourceTree = "<group>"; };
		58EFD2C31AC5E13D00D33E49 /* jack_of_spades.png */ = {isa = PBXFileReference; lastKnownFileType = image.png; path = jack_of_spades.png; sourceTree = "<group>"; };
		58EFD2C41AC5E13D00D33E49 /* jack_of_spades2.png */ = {isa = PBXFileReference; lastKnownFileType = image.png; path = jack_of_spades2.png; sourceTree = "<group>"; };
		58EFD2C51AC5E13D00D33E49 /* king_of_clubs.png */ = {isa = PBXFileReference; lastKnownFileType = image.png; path = king_of_clubs.png; sourceTree = "<group>"; };
		58EFD2C61AC5E13D00D33E49 /* king_of_clubs2.png */ = {isa = PBXFileReference; lastKnownFileType = image.png; path = king_of_clubs2.png; sourceTree = "<group>"; };
		58EFD2C71AC5E13D00D33E49 /* king_of_diamonds.png */ = {isa = PBXFileReference; lastKnownFileType = image.png; path = king_of_diamonds.png; sourceTree = "<group>"; };
		58EFD2C81AC5E13D00D33E49 /* king_of_diamonds2.png */ = {isa = PBXFileReference; lastKnownFileType = image.png; path = king_of_diamonds2.png; sourceTree = "<group>"; };
		58EFD2C91AC5E13D00D33E49 /* king_of_hearts.png */ = {isa = PBXFileReference; lastKnownFileType = image.png; path = king_of_hearts.png; sourceTree = "<group>"; };
		58EFD2CA1AC5E13D00D33E49 /* king_of_hearts2.png */ = {isa = PBXFileReference; lastKnownFileType = image.png; path = king_of_hearts2.png; sourceTree = "<group>"; };
		58EFD2CB1AC5E13D00D33E49 /* king_of_spades.png */ = {isa = PBXFileReference; lastKnownFileType = image.png; path = king_of_spades.png; sourceTree = "<group>"; };
		58EFD2CC1AC5E13D00D33E49 /* king_of_spades2.png */ = {isa = PBXFileReference; lastKnownFileType = image.png; path = king_of_spades2.png; sourceTree = "<group>"; };
		58EFD2CD1AC5E13D00D33E49 /* queen_of_clubs.png */ = {isa = PBXFileReference; lastKnownFileType = image.png; path = queen_of_clubs.png; sourceTree = "<group>"; };
		58EFD2CE1AC5E13D00D33E49 /* queen_of_clubs2.png */ = {isa = PBXFileReference; lastKnownFileType = image.png; path = queen_of_clubs2.png; sourceTree = "<group>"; };
		58EFD2CF1AC5E13D00D33E49 /* queen_of_diamonds.png */ = {isa = PBXFileReference; lastKnownFileType = image.png; path = queen_of_diamonds.png; sourceTree = "<group>"; };
		58EFD2D01AC5E13D00D33E49 /* queen_of_diamonds2.png */ = {isa = PBXFileReference; lastKnownFileType = image.png; path = queen_of_diamonds2.png; sourceTree = "<group>"; };
		58EFD2D11AC5E13D00D33E49 /* queen_of_hearts.png */ = {isa = PBXFileReference; lastKnownFileType = image.png; path = queen_of_hearts.png; sourceTree = "<group>"; };
		58EFD2D21AC5E13D00D33E49 /* queen_of_hearts2.png */ = {isa = PBXFileReference; lastKnownFileType = image.png; path = queen_of_hearts2.png; sourceTree = "<group>"; };
		58EFD2D31AC5E13D00D33E49 /* queen_of_spades.png */ = {isa = PBXFileReference; lastKnownFileType = image.png; path = queen_of_spades.png; sourceTree = "<group>"; };
		58EFD2D41AC5E13D00D33E49 /* queen_of_spades2.png */ = {isa = PBXFileReference; lastKnownFileType = image.png; path = queen_of_spades2.png; sourceTree = "<group>"; };
		58EFD2D51AC5E13D00D33E49 /* red_joker.png */ = {isa = PBXFileReference; lastKnownFileType = image.png; path = red_joker.png; sourceTree = "<group>"; };
		58EFD3191ACA242E00D33E49 /* secertcard.jpg */ = {isa = PBXFileReference; lastKnownFileType = image.jpeg; path = secertcard.jpg; sourceTree = "<group>"; };
/* End PBXFileReference section */

/* Begin PBXFrameworksBuildPhase section */
		586EB6831AA104C900F651BB /* Frameworks */ = {
			isa = PBXFrameworksBuildPhase;
			buildActionMask = 2147483647;
			files = (
			);
			runOnlyForDeploymentPostprocessing = 0;
		};
		586EB6981AA104C900F651BB /* Frameworks */ = {
			isa = PBXFrameworksBuildPhase;
			buildActionMask = 2147483647;
			files = (
			);
			runOnlyForDeploymentPostprocessing = 0;
		};
/* End PBXFrameworksBuildPhase section */

/* Begin PBXGroup section */
		586EB67D1AA104C900F651BB = {
			isa = PBXGroup;
			children = (
				586EB6881AA104C900F651BB /* Black Jack Upgrade */,
				586EB69E1AA104C900F651BB /* Black Jack UpgradeTests */,
				586EB6871AA104C900F651BB /* Products */,
			);
			sourceTree = "<group>";
		};
		586EB6871AA104C900F651BB /* Products */ = {
			isa = PBXGroup;
			children = (
				586EB6861AA104C900F651BB /* Black Jack Upgrade.app */,
				586EB69B1AA104C900F651BB /* Black Jack UpgradeTests.xctest */,
			);
			name = Products;
			sourceTree = "<group>";
		};
		586EB6881AA104C900F651BB /* Black Jack Upgrade */ = {
			isa = PBXGroup;
			children = (
				586EB68B1AA104C900F651BB /* AppDelegate.swift */,
				586EB6AB1AA1056900F651BB /* Card.swift */,
				586EB6AD1AA1058E00F651BB /* Player.swift */,
				586EB6AF1AA105ED00F651BB /* Deck.swift */,
				586EB6B11AA1060200F651BB /* Dealer.swift */,
				586EB6B51AA125A900F651BB /* ViewControllerSinglePlayer.swift */,
				586EB6B31AA1063700F651BB /* Game.swift */,
				586EB68D1AA104C900F651BB /* ViewController.swift */,
				586EB68F1AA104C900F651BB /* Main.storyboard */,
				586EB6B91AA131ED00F651BB /* Shoe.swift */,
				586EB6B71AA1264200F651BB /* ViewControllerMultiplePlayers.swift */,
				586EB6921AA104C900F651BB /* Images.xcassets */,
				586EB6941AA104C900F651BB /* LaunchScreen.xib */,
				586EB6891AA104C900F651BB /* Supporting Files */,
			);
			path = "Black Jack Upgrade";
			sourceTree = "<group>";
		};
		586EB6891AA104C900F651BB /* Supporting Files */ = {
			isa = PBXGroup;
			children = (
				58EFD3191ACA242E00D33E49 /* secertcard.jpg */,
				58EFD2921AC5E13D00D33E49 /* PNG-cards-1.3 */,
				586EB68A1AA104C900F651BB /* Info.plist */,
			);
			name = "Supporting Files";
			sourceTree = "<group>";
		};
		586EB69E1AA104C900F651BB /* Black Jack UpgradeTests */ = {
			isa = PBXGroup;
			children = (
				586EB6A11AA104C900F651BB /* Black_Jack_UpgradeTests.swift */,
				586EB69F1AA104C900F651BB /* Supporting Files */,
			);
			path = "Black Jack UpgradeTests";
			sourceTree = "<group>";
		};
		586EB69F1AA104C900F651BB /* Supporting Files */ = {
			isa = PBXGroup;
			children = (
				586EB6A01AA104C900F651BB /* Info.plist */,
			);
			name = "Supporting Files";
			sourceTree = "<group>";
		};
		58EFD2921AC5E13D00D33E49 /* PNG-cards-1.3 */ = {
			isa = PBXGroup;
			children = (
				58EFD2931AC5E13D00D33E49 /* 10_of_clubs.png */,
				58EFD2941AC5E13D00D33E49 /* 10_of_diamonds.png */,
				58EFD2951AC5E13D00D33E49 /* 10_of_hearts.png */,
				58EFD2961AC5E13D00D33E49 /* 10_of_spades.png */,
				58EFD2971AC5E13D00D33E49 /* 2_of_clubs.png */,
				58EFD2981AC5E13D00D33E49 /* 2_of_diamonds.png */,
				58EFD2991AC5E13D00D33E49 /* 2_of_hearts.png */,
				58EFD29A1AC5E13D00D33E49 /* 2_of_spades.png */,
				58EFD29B1AC5E13D00D33E49 /* 3_of_clubs.png */,
				58EFD29C1AC5E13D00D33E49 /* 3_of_diamonds.png */,
				58EFD29D1AC5E13D00D33E49 /* 3_of_hearts.png */,
				58EFD29E1AC5E13D00D33E49 /* 3_of_spades.png */,
				58EFD29F1AC5E13D00D33E49 /* 4_of_clubs.png */,
				58EFD2A01AC5E13D00D33E49 /* 4_of_diamonds.png */,
				58EFD2A11AC5E13D00D33E49 /* 4_of_hearts.png */,
				58EFD2A21AC5E13D00D33E49 /* 4_of_spades.png */,
				58EFD2A31AC5E13D00D33E49 /* 5_of_clubs.png */,
				58EFD2A41AC5E13D00D33E49 /* 5_of_diamonds.png */,
				58EFD2A51AC5E13D00D33E49 /* 5_of_hearts.png */,
				58EFD2A61AC5E13D00D33E49 /* 5_of_spades.png */,
				58EFD2A71AC5E13D00D33E49 /* 6_of_clubs.png */,
				58EFD2A81AC5E13D00D33E49 /* 6_of_diamonds.png */,
				58EFD2A91AC5E13D00D33E49 /* 6_of_hearts.png */,
				58EFD2AA1AC5E13D00D33E49 /* 6_of_spades.png */,
				58EFD2AB1AC5E13D00D33E49 /* 7_of_clubs.png */,
				58EFD2AC1AC5E13D00D33E49 /* 7_of_diamonds.png */,
				58EFD2AD1AC5E13D00D33E49 /* 7_of_hearts.png */,
				58EFD2AE1AC5E13D00D33E49 /* 7_of_spades.png */,
				58EFD2AF1AC5E13D00D33E49 /* 8_of_clubs.png */,
				58EFD2B01AC5E13D00D33E49 /* 8_of_diamonds.png */,
				58EFD2B11AC5E13D00D33E49 /* 8_of_hearts.png */,
				58EFD2B21AC5E13D00D33E49 /* 8_of_spades.png */,
				58EFD2B31AC5E13D00D33E49 /* 9_of_clubs.png */,
				58EFD2B41AC5E13D00D33E49 /* 9_of_diamonds.png */,
				58EFD2B51AC5E13D00D33E49 /* 9_of_hearts.png */,
				58EFD2B61AC5E13D00D33E49 /* 9_of_spades.png */,
				58EFD2B71AC5E13D00D33E49 /* ace_of_clubs.png */,
				58EFD2B81AC5E13D00D33E49 /* ace_of_diamonds.png */,
				58EFD2B91AC5E13D00D33E49 /* ace_of_hearts.png */,
				58EFD2BA1AC5E13D00D33E49 /* ace_of_spades.png */,
				58EFD2BB1AC5E13D00D33E49 /* ace_of_spades2.png */,
				58EFD2BC1AC5E13D00D33E49 /* black_joker.png */,
				58EFD2BD1AC5E13D00D33E49 /* jack_of_clubs.png */,
				58EFD2BE1AC5E13D00D33E49 /* jack_of_clubs2.png */,
				58EFD2BF1AC5E13D00D33E49 /* jack_of_diamonds.png */,
				58EFD2C01AC5E13D00D33E49 /* jack_of_diamonds2.png */,
				58EFD2C11AC5E13D00D33E49 /* jack_of_hearts.png */,
				58EFD2C21AC5E13D00D33E49 /* jack_of_hearts2.png */,
				58EFD2C31AC5E13D00D33E49 /* jack_of_spades.png */,
				58EFD2C41AC5E13D00D33E49 /* jack_of_spades2.png */,
				58EFD2C51AC5E13D00D33E49 /* king_of_clubs.png */,
				58EFD2C61AC5E13D00D33E49 /* king_of_clubs2.png */,
				58EFD2C71AC5E13D00D33E49 /* king_of_diamonds.png */,
				58EFD2C81AC5E13D00D33E49 /* king_of_diamonds2.png */,
				58EFD2C91AC5E13D00D33E49 /* king_of_hearts.png */,
				58EFD2CA1AC5E13D00D33E49 /* king_of_hearts2.png */,
				58EFD2CB1AC5E13D00D33E49 /* king_of_spades.png */,
				58EFD2CC1AC5E13D00D33E49 /* king_of_spades2.png */,
				58EFD2CD1AC5E13D00D33E49 /* queen_of_clubs.png */,
				58EFD2CE1AC5E13D00D33E49 /* queen_of_clubs2.png */,
				58EFD2CF1AC5E13D00D33E49 /* queen_of_diamonds.png */,
				58EFD2D01AC5E13D00D33E49 /* queen_of_diamonds2.png */,
				58EFD2D11AC5E13D00D33E49 /* queen_of_hearts.png */,
				58EFD2D21AC5E13D00D33E49 /* queen_of_hearts2.png */,
				58EFD2D31AC5E13D00D33E49 /* queen_of_spades.png */,
				58EFD2D41AC5E13D00D33E49 /* queen_of_spades2.png */,
				58EFD2D51AC5E13D00D33E49 /* red_joker.png */,
			);
			path = "PNG-cards-1.3";
			sourceTree = "<group>";
		};
/* End PBXGroup section */

/* Begin PBXNativeTarget section */
		586EB6851AA104C900F651BB /* Black Jack Upgrade */ = {
			isa = PBXNativeTarget;
			buildConfigurationList = 586EB6A51AA104C900F651BB /* Build configuration list for PBXNativeTarget "Black Jack Upgrade" */;
			buildPhases = (
				586EB6821AA104C900F651BB /* Sources */,
				586EB6831AA104C900F651BB /* Frameworks */,
				586EB6841AA104C900F651BB /* Resources */,
			);
			buildRules = (
			);
			dependencies = (
			);
			name = "Black Jack Upgrade";
			productName = "Black Jack Upgrade";
			productReference = 586EB6861AA104C900F651BB /* Black Jack Upgrade.app */;
			productType = "com.apple.product-type.application";
		};
		586EB69A1AA104C900F651BB /* Black Jack UpgradeTests */ = {
			isa = PBXNativeTarget;
			buildConfigurationList = 586EB6A81AA104C900F651BB /* Build configuration list for PBXNativeTarget "Black Jack UpgradeTests" */;
			buildPhases = (
				586EB6971AA104C900F651BB /* Sources */,
				586EB6981AA104C900F651BB /* Frameworks */,
				586EB6991AA104C900F651BB /* Resources */,
			);
			buildRules = (
			);
			dependencies = (
				586EB69D1AA104C900F651BB /* PBXTargetDependency */,
			);
			name = "Black Jack UpgradeTests";
			productName = "Black Jack UpgradeTests";
			productReference = 586EB69B1AA104C900F651BB /* Black Jack UpgradeTests.xctest */;
			productType = "com.apple.product-type.bundle.unit-test";
		};
/* End PBXNativeTarget section */

/* Begin PBXProject section */
		586EB67E1AA104C900F651BB /* Project object */ = {
			isa = PBXProject;
			attributes = {
				LastUpgradeCheck = 0610;
				ORGANIZATIONNAME = "Yue Zhao";
				TargetAttributes = {
					586EB6851AA104C900F651BB = {
						CreatedOnToolsVersion = 6.1.1;
						DevelopmentTeam = 6QN349HHUB;
					};
					586EB69A1AA104C900F651BB = {
						CreatedOnToolsVersion = 6.1.1;
						TestTargetID = 586EB6851AA104C900F651BB;
					};
				};
			};
			buildConfigurationList = 586EB6811AA104C900F651BB /* Build configuration list for PBXProject "Black Jack Upgrade" */;
			compatibilityVersion = "Xcode 3.2";
			developmentRegion = English;
			hasScannedForEncodings = 0;
			knownRegions = (
				en,
				Base,
			);
			mainGroup = 586EB67D1AA104C900F651BB;
			productRefGroup = 586EB6871AA104C900F651BB /* Products */;
			projectDirPath = "";
			projectRoot = "";
			targets = (
				586EB6851AA104C900F651BB /* Black Jack Upgrade */,
				586EB69A1AA104C900F651BB /* Black Jack UpgradeTests */,
			);
		};
/* End PBXProject section */

/* Begin PBXResourcesBuildPhase section */
		586EB6841AA104C900F651BB /* Resources */ = {
			isa = PBXResourcesBuildPhase;
			buildActionMask = 2147483647;
			files = (
				58EFD3071AC5E13D00D33E49 /* jack_of_spades2.png in Resources */,
				58EFD2D71AC5E13D00D33E49 /* 10_of_diamonds.png in Resources */,
				58EFD2F11AC5E13D00D33E49 /* 7_of_spades.png in Resources */,
				58EFD2E21AC5E13D00D33E49 /* 4_of_clubs.png in Resources */,
				58EFD3031AC5E13D00D33E49 /* jack_of_diamonds2.png in Resources */,
				58EFD2EB1AC5E13D00D33E49 /* 6_of_diamonds.png in Resources */,
				58EFD3131AC5E13D00D33E49 /* queen_of_diamonds2.png in Resources */,
				58EFD2F41AC5E13D00D33E49 /* 8_of_hearts.png in Resources */,
				586EB6911AA104C900F651BB /* Main.storyboard in Resources */,
				58EFD3121AC5E13D00D33E49 /* queen_of_diamonds.png in Resources */,
				58EFD2F21AC5E13D00D33E49 /* 8_of_clubs.png in Resources */,
				58EFD30E1AC5E13D00D33E49 /* king_of_spades.png in Resources */,
				58EFD2F91AC5E13D00D33E49 /* 9_of_spades.png in Resources */,
				58EFD30F1AC5E13D00D33E49 /* king_of_spades2.png in Resources */,
				58EFD2EA1AC5E13D00D33E49 /* 6_of_clubs.png in Resources */,
				58EFD3101AC5E13D00D33E49 /* queen_of_clubs.png in Resources */,
				58EFD2F01AC5E13D00D33E49 /* 7_of_hearts.png in Resources */,
				586EB6961AA104C900F651BB /* LaunchScreen.xib in Resources */,
				58EFD2E11AC5E13D00D33E49 /* 3_of_spades.png in Resources */,
				586EB6931AA104C900F651BB /* Images.xcassets in Resources */,
				58EFD2EE1AC5E13D00D33E49 /* 7_of_clubs.png in Resources */,
				58EFD3011AC5E13D00D33E49 /* jack_of_clubs2.png in Resources */,
				58EFD30B1AC5E13D00D33E49 /* king_of_diamonds2.png in Resources */,
				58EFD30C1AC5E13D00D33E49 /* king_of_hearts.png in Resources */,
				58EFD2DE1AC5E13D00D33E49 /* 3_of_clubs.png in Resources */,
				58EFD2F31AC5E13D00D33E49 /* 8_of_diamonds.png in Resources */,
				58EFD2E01AC5E13D00D33E49 /* 3_of_hearts.png in Resources */,
				58EFD3161AC5E13D00D33E49 /* queen_of_spades.png in Resources */,
				58EFD3021AC5E13D00D33E49 /* jack_of_diamonds.png in Resources */,
				58EFD2E31AC5E13D00D33E49 /* 4_of_diamonds.png in Resources */,
				58EFD2DF1AC5E13D00D33E49 /* 3_of_diamonds.png in Resources */,
				58EFD3001AC5E13D00D33E49 /* jack_of_clubs.png in Resources */,
				58EFD2FB1AC5E13D00D33E49 /* ace_of_diamonds.png in Resources */,
				58EFD2E61AC5E13D00D33E49 /* 5_of_clubs.png in Resources */,
				58EFD3151AC5E13D00D33E49 /* queen_of_hearts2.png in Resources */,
				58EFD30A1AC5E13D00D33E49 /* king_of_diamonds.png in Resources */,
				58EFD2F51AC5E13D00D33E49 /* 8_of_spades.png in Resources */,
				58EFD2ED1AC5E13D00D33E49 /* 6_of_spades.png in Resources */,
				58EFD2E41AC5E13D00D33E49 /* 4_of_hearts.png in Resources */,
				58EFD2E91AC5E13D00D33E49 /* 5_of_spades.png in Resources */,
				58EFD2FA1AC5E13D00D33E49 /* ace_of_clubs.png in Resources */,
				58EFD2F81AC5E13D00D33E49 /* 9_of_hearts.png in Resources */,
				58EFD2DC1AC5E13D00D33E49 /* 2_of_hearts.png in Resources */,
				58EFD2EC1AC5E13D00D33E49 /* 6_of_hearts.png in Resources */,
				58EFD2E81AC5E13D00D33E49 /* 5_of_hearts.png in Resources */,
				58EFD3111AC5E13D00D33E49 /* queen_of_clubs2.png in Resources */,
				58EFD2F61AC5E13D00D33E49 /* 9_of_clubs.png in Resources */,
				58EFD2EF1AC5E13D00D33E49 /* 7_of_diamonds.png in Resources */,
				58EFD3081AC5E13D00D33E49 /* king_of_clubs.png in Resources */,
				58EFD3181AC5E13D00D33E49 /* red_joker.png in Resources */,
				58EFD2E71AC5E13D00D33E49 /* 5_of_diamonds.png in Resources */,
				58EFD3091AC5E13D00D33E49 /* king_of_clubs2.png in Resources */,
				58EFD3061AC5E13D00D33E49 /* jack_of_spades.png in Resources */,
				58EFD2D81AC5E13D00D33E49 /* 10_of_hearts.png in Resources */,
				58EFD2D61AC5E13D00D33E49 /* 10_of_clubs.png in Resources */,
				58EFD3051AC5E13D00D33E49 /* jack_of_hearts2.png in Resources */,
				58EFD31A1ACA242E00D33E49 /* secertcard.jpg in Resources */,
				58EFD2FF1AC5E13D00D33E49 /* black_joker.png in Resources */,
				58EFD2D91AC5E13D00D33E49 /* 10_of_spades.png in Resources */,
				58EFD2F71AC5E13D00D33E49 /* 9_of_diamonds.png in Resources */,
				58EFD2DA1AC5E13D00D33E49 /* 2_of_clubs.png in Resources */,
				58EFD2DD1AC5E13D00D33E49 /* 2_of_spades.png in Resources */,
				58EFD2FD1AC5E13D00D33E49 /* ace_of_spades.png in Resources */,
				58EFD2FC1AC5E13D00D33E49 /* ace_of_hearts.png in Resources */,
				58EFD3041AC5E13D00D33E49 /* jack_of_hearts.png in Resources */,
				58EFD2E51AC5E13D00D33E49 /* 4_of_spades.png in Resources */,
				58EFD2DB1AC5E13D00D33E49 /* 2_of_diamonds.png in Resources */,
				58EFD3171AC5E13D00D33E49 /* queen_of_spades2.png in Resources */,
				58EFD30D1AC5E13D00D33E49 /* king_of_hearts2.png in Resources */,
				58EFD3141AC5E13D00D33E49 /* queen_of_hearts.png in Resources */,
				58EFD2FE1AC5E13D00D33E49 /* ace_of_spades2.png in Resources */,
			);
			runOnlyForDeploymentPostprocessing = 0;
		};
		586EB6991AA104C900F651BB /* Resources */ = {
			isa = PBXResourcesBuildPhase;
			buildActionMask = 2147483647;
			files = (
			);
			runOnlyForDeploymentPostprocessing = 0;
		};
/* End PBXResourcesBuildPhase section */

/* Begin PBXSourcesBuildPhase section */
		586EB6821AA104C900F651BB /* Sources */ = {
			isa = PBXSourcesBuildPhase;
			buildActionMask = 2147483647;
			files = (
				586EB6BA1AA131ED00F651BB /* Shoe.swift in Sources */,
				586EB6AE1AA1058E00F651BB /* Player.swift in Sources */,
				586EB6B81AA1264200F651BB /* ViewControllerMultiplePlayers.swift in Sources */,
				586EB68E1AA104C900F651BB /* ViewController.swift in Sources */,
				586EB6B61AA125A900F651BB /* ViewControllerSinglePlayer.swift in Sources */,
				586EB6B41AA1063700F651BB /* Game.swift in Sources */,
				586EB6B21AA1060200F651BB /* Dealer.swift in Sources */,
				586EB6B01AA105ED00F651BB /* Deck.swift in Sources */,
				586EB6AC1AA1056900F651BB /* Card.swift in Sources */,
				586EB68C1AA104C900F651BB /* AppDelegate.swift in Sources */,
			);
			runOnlyForDeploymentPostprocessing = 0;
		};
		586EB6971AA104C900F651BB /* Sources */ = {
			isa = PBXSourcesBuildPhase;
			buildActionMask = 2147483647;
			files = (
				586EB6A21AA104C900F651BB /* Black_Jack_UpgradeTests.swift in Sources */,
			);
			runOnlyForDeploymentPostprocessing = 0;
		};
/* End PBXSourcesBuildPhase section */

/* Begin PBXTargetDependency section */
		586EB69D1AA104C900F651BB /* PBXTargetDependency */ = {
			isa = PBXTargetDependency;
			target = 586EB6851AA104C900F651BB /* Black Jack Upgrade */;
			targetProxy = 586EB69C1AA104C900F651BB /* PBXContainerItemProxy */;
		};
/* End PBXTargetDependency section */

/* Begin PBXVariantGroup section */
		586EB68F1AA104C900F651BB /* Main.storyboard */ = {
			isa = PBXVariantGroup;
			children = (
				586EB6901AA104C900F651BB /* Base */,
			);
			name = Main.storyboard;
			sourceTree = "<group>";
		};
		586EB6941AA104C900F651BB /* LaunchScreen.xib */ = {
			isa = PBXVariantGroup;
			children = (
				586EB6951AA104C900F651BB /* Base */,
			);
			name = LaunchScreen.xib;
			sourceTree = "<group>";
		};
/* End PBXVariantGroup section */

/* Begin XCBuildConfiguration section */
		586EB6A31AA104C900F651BB /* Debug */ = {
			isa = XCBuildConfiguration;
			buildSettings = {
				ALWAYS_SEARCH_USER_PATHS = NO;
				CLANG_CXX_LANGUAGE_STANDARD = "gnu++0x";
				CLANG_CXX_LIBRARY = "libc++";
				CLANG_ENABLE_MODULES = YES;
				CLANG_ENABLE_OBJC_ARC = YES;
				CLANG_WARN_BOOL_CONVERSION = YES;
				CLANG_WARN_CONSTANT_CONVERSION = YES;
				CLANG_WARN_DIRECT_OBJC_ISA_USAGE = YES_ERROR;
				CLANG_WARN_EMPTY_BODY = YES;
				CLANG_WARN_ENUM_CONVERSION = YES;
				CLANG_WARN_INT_CONVERSION = YES;
				CLANG_WARN_OBJC_ROOT_CLASS = YES_ERROR;
				CLANG_WARN_UNREACHABLE_CODE = YES;
				CLANG_WARN__DUPLICATE_METHOD_MATCH = YES;
				"CODE_SIGN_IDENTITY[sdk=iphoneos*]" = "iPhone Developer";
				COPY_PHASE_STRIP = NO;
				ENABLE_STRICT_OBJC_MSGSEND = YES;
				GCC_C_LANGUAGE_STANDARD = gnu99;
				GCC_DYNAMIC_NO_PIC = NO;
				GCC_OPTIMIZATION_LEVEL = 0;
				GCC_PREPROCESSOR_DEFINITIONS = (
					"DEBUG=1",
					"$(inherited)",
				);
				GCC_SYMBOLS_PRIVATE_EXTERN = NO;
				GCC_WARN_64_TO_32_BIT_CONVERSION = YES;
				GCC_WARN_ABOUT_RETURN_TYPE = YES_ERROR;
				GCC_WARN_UNDECLARED_SELECTOR = YES;
				GCC_WARN_UNINITIALIZED_AUTOS = YES_AGGRESSIVE;
				GCC_WARN_UNUSED_FUNCTION = YES;
				GCC_WARN_UNUSED_VARIABLE = YES;
				IPHONEOS_DEPLOYMENT_TARGET = 8.1;
				MTL_ENABLE_DEBUG_INFO = YES;
				ONLY_ACTIVE_ARCH = YES;
				SDKROOT = iphoneos;
				SWIFT_OPTIMIZATION_LEVEL = "-Onone";
				TARGETED_DEVICE_FAMILY = "1,2";
			};
			name = Debug;
		};
		586EB6A41AA104C900F651BB /* Release */ = {
			isa = XCBuildConfiguration;
			buildSettings = {
				ALWAYS_SEARCH_USER_PATHS = NO;
				CLANG_CXX_LANGUAGE_STANDARD = "gnu++0x";
				CLANG_CXX_LIBRARY = "libc++";
				CLANG_ENABLE_MODULES = YES;
				CLANG_ENABLE_OBJC_ARC = YES;
				CLANG_WARN_BOOL_CONVERSION = YES;
				CLANG_WARN_CONSTANT_CONVERSION = YES;
				CLANG_WARN_DIRECT_OBJC_ISA_USAGE = YES_ERROR;
				CLANG_WARN_EMPTY_BODY = YES;
				CLANG_WARN_ENUM_CONVERSION = YES;
				CLANG_WARN_INT_CONVERSION = YES;
				CLANG_WARN_OBJC_ROOT_CLASS = YES_ERROR;
				CLANG_WARN_UNREACHABLE_CODE = YES;
				CLANG_WARN__DUPLICATE_METHOD_MATCH = YES;
				"CODE_SIGN_IDENTITY[sdk=iphoneos*]" = "iPhone Developer";
				COPY_PHASE_STRIP = YES;
				ENABLE_NS_ASSERTIONS = NO;
				ENABLE_STRICT_OBJC_MSGSEND = YES;
				GCC_C_LANGUAGE_STANDARD = gnu99;
				GCC_WARN_64_TO_32_BIT_CONVERSION = YES;
				GCC_WARN_ABOUT_RETURN_TYPE = YES_ERROR;
				GCC_WARN_UNDECLARED_SELECTOR = YES;
				GCC_WARN_UNINITIALIZED_AUTOS = YES_AGGRESSIVE;
				GCC_WARN_UNUSED_FUNCTION = YES;
				GCC_WARN_UNUSED_VARIABLE = YES;
				IPHONEOS_DEPLOYMENT_TARGET = 8.1;
				MTL_ENABLE_DEBUG_INFO = NO;
				SDKROOT = iphoneos;
				TARGETED_DEVICE_FAMILY = "1,2";
				VALIDATE_PRODUCT = YES;
			};
			name = Release;
		};
		586EB6A61AA104C900F651BB /* Debug */ = {
			isa = XCBuildConfiguration;
			buildSettings = {
				ASSETCATALOG_COMPILER_APPICON_NAME = AppIcon;
				INFOPLIST_FILE = "Black Jack Upgrade/Info.plist";
				LD_RUNPATH_SEARCH_PATHS = "$(inherited) @executable_path/Frameworks";
				PRODUCT_NAME = "$(TARGET_NAME)";
			};
			name = Debug;
		};
		586EB6A71AA104C900F651BB /* Release */ = {
			isa = XCBuildConfiguration;
			buildSettings = {
				ASSETCATALOG_COMPILER_APPICON_NAME = AppIcon;
				INFOPLIST_FILE = "Black Jack Upgrade/Info.plist";
				LD_RUNPATH_SEARCH_PATHS = "$(inherited) @executable_path/Frameworks";
				PRODUCT_NAME = "$(TARGET_NAME)";
			};
			name = Release;
		};
		586EB6A91AA104C900F651BB /* Debug */ = {
			isa = XCBuildConfiguration;
			buildSettings = {
				BUNDLE_LOADER = "$(TEST_HOST)";
				FRAMEWORK_SEARCH_PATHS = (
					"$(SDKROOT)/Developer/Library/Frameworks",
					"$(inherited)",
				);
				GCC_PREPROCESSOR_DEFINITIONS = (
					"DEBUG=1",
					"$(inherited)",
				);
				INFOPLIST_FILE = "Black Jack UpgradeTests/Info.plist";
				LD_RUNPATH_SEARCH_PATHS = "$(inherited) @executable_path/Frameworks @loader_path/Frameworks";
				PRODUCT_NAME = "$(TARGET_NAME)";
				TEST_HOST = "$(BUILT_PRODUCTS_DIR)/Black Jack Upgrade.app/Black Jack Upgrade";
			};
			name = Debug;
		};
		586EB6AA1AA104C900F651BB /* Release */ = {
			isa = XCBuildConfiguration;
			buildSettings = {
				BUNDLE_LOADER = "$(TEST_HOST)";
				FRAMEWORK_SEARCH_PATHS = (
					"$(SDKROOT)/Developer/Library/Frameworks",
					"$(inherited)",
				);
				INFOPLIST_FILE = "Black Jack UpgradeTests/Info.plist";
				LD_RUNPATH_SEARCH_PATHS = "$(inherited) @executable_path/Frameworks @loader_path/Frameworks";
				PRODUCT_NAME = "$(TARGET_NAME)";
				TEST_HOST = "$(BUILT_PRODUCTS_DIR)/Black Jack Upgrade.app/Black Jack Upgrade";
			};
			name = Release;
		};
/* End XCBuildConfiguration section */

/* Begin XCConfigurationList section */
		586EB6811AA104C900F651BB /* Build configuration list for PBXProject "Black Jack Upgrade" */ = {
			isa = XCConfigurationList;
			buildConfigurations = (
				586EB6A31AA104C900F651BB /* Debug */,
				586EB6A41AA104C900F651BB /* Release */,
			);
			defaultConfigurationIsVisible = 0;
			defaultConfigurationName = Release;
		};
		586EB6A51AA104C900F651BB /* Build configuration list for PBXNativeTarget "Black Jack Upgrade" */ = {
			isa = XCConfigurationList;
			buildConfigurations = (
				586EB6A61AA104C900F651BB /* Debug */,
				586EB6A71AA104C900F651BB /* Release */,
			);
			defaultConfigurationIsVisible = 0;
			defaultConfigurationName = Release;
		};
		586EB6A81AA104C900F651BB /* Build configuration list for PBXNativeTarget "Black Jack UpgradeTests" */ = {
			isa = XCConfigurationList;
			buildConfigurations = (
				586EB6A91AA104C900F651BB /* Debug */,
				586EB6AA1AA104C900F651BB /* Release */,
			);
			defaultConfigurationIsVisible = 0;
			defaultConfigurationName = Release;
		};
/* End XCConfigurationList section */
	};
	rootObject = 586EB67E1AA104C900F651BB /* Project object */;
}
